
Microsoft Visual Studio Solution File, Format Version 12.00
# Visual Studio 15
Project("{FAE04EC0-301F-11D3-BF4B-00C04F79EFBC}") = "Assembly-CSharp", "Assembly-CSharp.csproj", "{583FDDCA-DBD3-AE9B-AE20-8C948B6D7E27}"
EndProject
Project("{FAE04EC0-301F-11D3-BF4B-00C04F79EFBC}") = "Assembly-CSharp-Editor", "Assembly-CSharp-Editor.csproj", "{158E5CD4-1E5C-1A50-E246-A8585341260D}"
EndProject
Global
	GlobalSection(SolutionConfigurationPlatforms) = preSolution
		Debug|Any CPU = Debug|Any CPU
		Release|Any CPU = Release|Any CPU
	EndGlobalSection
	GlobalSection(ProjectConfigurationPlatforms) = postSolution
		{583FDDCA-DBD3-AE9B-AE20-8C948B6D7E27}.Debug|Any CPU.ActiveCfg = Debug|Any CPU
		{583FDDCA-DBD3-AE9B-AE20-8C948B6D7E27}.Debug|Any CPU.Build.0 = Debug|Any CPU
		{583FDDCA-DBD3-AE9B-AE20-8C948B6D7E27}.Release|Any CPU.ActiveCfg = Release|Any CPU
		{583FDDCA-DBD3-AE9B-AE20-8C948B6D7E27}.Release|Any CPU.Build.0 = Release|Any CPU
		{158E5CD4-1E5C-1A50-E246-A8585341260D}.Debug|Any CPU.ActiveCfg = Debug|Any CPU
		{158E5CD4-1E5C-1A50-E246-A8585341260D}.Debug|Any CPU.Build.0 = Debug|Any CPU
		{158E5CD4-1E5C-1A50-E246-A8585341260D}.Release|Any CPU.ActiveCfg = Release|Any CPU
		{158E5CD4-1E5C-1A50-E246-A8585341260D}.Release|Any CPU.Build.0 = Release|Any CPU
	EndGlobalSection
	GlobalSection(SolutionProperties) = preSolution
		HideSolutionNode = FALSE
	EndGlobalSection
EndGlobal
